# THIS IS AN AUTOGENERATED FILE. DO NOT EDIT THIS FILE DIRECTLY.
# yarn lockfile v1


chrome-types@^0.1.196:
  version "0.1.196"
  resolved "https://registry.npmjs.org/chrome-types/-/chrome-types-0.1.196.tgz#a4fab22728b36ac5de2ee1f9256072910789120c"
  integrity sha512-Vuxyjdn6dhhY5krzX/HMxJWswx0M7ENnr/T8mmSfwpiAtSZ1BKY8nZ6fY+DnzGN6tVpl0ULSbtqbwij+G4An/A==
